
Microsoft Visual Studio Solution File, Format Version 12.00
# Visual Studio Version 16
VisualStudioVersion = 16.0.31515.178
MinimumVisualStudioVersion = 10.0.40219.1
Project("{9A19103F-16F7-4668-BE54-9A1E7A4F7556}") = "VirtualMatch.Api", "VirtualMatch.Api\VirtualMatch.Api.csproj", "{BE032453-5D6E-4E49-ADDC-34DDE51392C3}"
EndProject
Project("{9A19103F-16F7-4668-BE54-9A1E7A4F7556}") = "VirtualMatch.Entities", "VirtualMatch.Entities\VirtualMatch.Entities.csproj", "{7E66E823-293D-48A7-8EA5-F567D0A33907}"
EndProject
Project("{9A19103F-16F7-4668-BE54-9A1E7A4F7556}") = "VirtualMatch.Data", "VirtualMatch.Data\VirtualMatch.Data.csproj", "{D445D0AC-FECD-4628-8611-810AB5D80B55}"
EndProject
Project("{9A19103F-16F7-4668-BE54-9A1E7A4F7556}") = "VirtualMatch.Business", "VirtualMatch.Business\VirtualMatch.Business.csproj", "{92143399-F10A-433B-ADEF-23A0351AE54A}"
EndProject
Project("{FAE04EC0-301F-11D3-BF4B-00C04F79EFBC}") = "VirtualMatch.Shared", "VirtualMatch.Shared\VirtualMatch.Shared.csproj", "{D6423678-0665-4E07-9F13-12BCAD8B3369}"
EndProject
Global
	GlobalSection(SolutionConfigurationPlatforms) = preSolution
		Debug|Any CPU = Debug|Any CPU
		Release|Any CPU = Release|Any CPU
	EndGlobalSection
	GlobalSection(ProjectConfigurationPlatforms) = postSolution
		{BE032453-5D6E-4E49-ADDC-34DDE51392C3}.Debug|Any CPU.ActiveCfg = Debug|Any CPU
		{BE032453-5D6E-4E49-ADDC-34DDE51392C3}.Debug|Any CPU.Build.0 = Debug|Any CPU
		{BE032453-5D6E-4E49-ADDC-34DDE51392C3}.Release|Any CPU.ActiveCfg = Release|Any CPU
		{BE032453-5D6E-4E49-ADDC-34DDE51392C3}.Release|Any CPU.Build.0 = Release|Any CPU
		{7E66E823-293D-48A7-8EA5-F567D0A33907}.Debug|Any CPU.ActiveCfg = Debug|Any CPU
		{7E66E823-293D-48A7-8EA5-F567D0A33907}.Debug|Any CPU.Build.0 = Debug|Any CPU
		{7E66E823-293D-48A7-8EA5-F567D0A33907}.Release|Any CPU.ActiveCfg = Release|Any CPU
		{7E66E823-293D-48A7-8EA5-F567D0A33907}.Release|Any CPU.Build.0 = Release|Any CPU
		{D445D0AC-FECD-4628-8611-810AB5D80B55}.Debug|Any CPU.ActiveCfg = Debug|Any CPU
		{D445D0AC-FECD-4628-8611-810AB5D80B55}.Debug|Any CPU.Build.0 = Debug|Any CPU
		{D445D0AC-FECD-4628-8611-810AB5D80B55}.Release|Any CPU.ActiveCfg = Release|Any CPU
		{D445D0AC-FECD-4628-8611-810AB5D80B55}.Release|Any CPU.Build.0 = Release|Any CPU
		{92143399-F10A-433B-ADEF-23A0351AE54A}.Debug|Any CPU.ActiveCfg = Debug|Any CPU
		{92143399-F10A-433B-ADEF-23A0351AE54A}.Debug|Any CPU.Build.0 = Debug|Any CPU
		{92143399-F10A-433B-ADEF-23A0351AE54A}.Release|Any CPU.ActiveCfg = Release|Any CPU
		{92143399-F10A-433B-ADEF-23A0351AE54A}.Release|Any CPU.Build.0 = Release|Any CPU
		{D6423678-0665-4E07-9F13-12BCAD8B3369}.Debug|Any CPU.ActiveCfg = Debug|Any CPU
		{D6423678-0665-4E07-9F13-12BCAD8B3369}.Debug|Any CPU.Build.0 = Debug|Any CPU
		{D6423678-0665-4E07-9F13-12BCAD8B3369}.Release|Any CPU.ActiveCfg = Release|Any CPU
		{D6423678-0665-4E07-9F13-12BCAD8B3369}.Release|Any CPU.Build.0 = Release|Any CPU
	EndGlobalSection
	GlobalSection(SolutionProperties) = preSolution
		HideSolutionNode = FALSE
	EndGlobalSection
	GlobalSection(ExtensibilityGlobals) = postSolution
		SolutionGuid = {53E0C397-3301-45CB-98C1-A02CE57B44F2}
	EndGlobalSection
EndGlobal
